
Microsoft Visual Studio Solution File, Format Version 12.00
# Visual Studio Version 17
VisualStudioVersion = 17.8.34525.116
MinimumVisualStudioVersion = 10.0.40219.1
Project("{9A19103F-16F7-4668-BE54-9A1E7A4F7556}") = "CsvToReswSample", "CsvToReswSample\CsvToReswSample.csproj", "{8D748056-E55C-457F-9A97-EA49DE6F5AEF}"
EndProject
Global
	GlobalSection(SolutionConfigurationPlatforms) = preSolution
		Debug|x64 = Debug|x64
		Release|x64 = Release|x64
	EndGlobalSection
	GlobalSection(ProjectConfigurationPlatforms) = postSolution
		{8D748056-E55C-457F-9A97-EA49DE6F5AEF}.Debug|x64.ActiveCfg = Debug|x64
		{8D748056-E55C-457F-9A97-EA49DE6F5AEF}.Debug|x64.Build.0 = Debug|x64
		{8D748056-E55C-457F-9A97-EA49DE6F5AEF}.Debug|x64.Deploy.0 = Debug|x64
		{8D748056-E55C-457F-9A97-EA49DE6F5AEF}.Release|x64.ActiveCfg = Release|x64
		{8D748056-E55C-457F-9A97-EA49DE6F5AEF}.Release|x64.Build.0 = Release|x64
		{8D748056-E55C-457F-9A97-EA49DE6F5AEF}.Release|x64.Deploy.0 = Release|x64
	EndGlobalSection
	GlobalSection(SolutionProperties) = preSolution
		HideSolutionNode = FALSE
	EndGlobalSection
	GlobalSection(ExtensibilityGlobals) = postSolution
		SolutionGuid = {8963BC2B-F744-4012-B05F-4EABA1E1B470}
	EndGlobalSection
EndGlobal
